// !$*UTF8*$!
{
	archiveVersion = 1;
	classes = {
	};
	objectVersion = 56;
	objects = {

/* Begin PBXBuildFile section */
		DEE5959D2AF5AB2A00DC6163 /* AppDelegate.swift in Sources */ = {isa = PBXBuildFile; fileRef = DEE5959C2AF5AB2A00DC6163 /* AppDelegate.swift */; };
		DEE5959F2AF5AB2B00DC6163 /* SceneDelegate.swift in Sources */ = {isa = PBXBuildFile; fileRef = DEE5959E2AF5AB2B00DC6163 /* SceneDelegate.swift */; };
		DEE595A12AF5AB2B00DC6163 /* ViewController.swift in Sources */ = {isa = PBXBuildFile; fileRef = DEE595A02AF5AB2B00DC6163 /* ViewController.swift */; };
		DEE595A42AF5AB2B00DC6163 /* Main.storyboard in Resources */ = {isa = PBXBuildFile; fileRef = DEE595A22AF5AB2B00DC6163 /* Main.storyboard */; };
		DEE595A62AF5AB2D00DC6163 /* Assets.xcassets in Resources */ = {isa = PBXBuildFile; fileRef = DEE595A52AF5AB2D00DC6163 /* Assets.xcassets */; };
		DEE595A92AF5AB2D00DC6163 /* LaunchScreen.storyboard in Resources */ = {isa = PBXBuildFile; fileRef = DEE595A72AF5AB2D00DC6163 /* LaunchScreen.storyboard */; };
		DEE595B42AF5AB2D00DC6163 /* Proyecto_de_prueba_con_git_en_el_entorno_de_xcodeTests.swift in Sources */ = {isa = PBXBuildFile; fileRef = DEE595B32AF5AB2D00DC6163 /* Proyecto_de_prueba_con_git_en_el_entorno_de_xcodeTests.swift */; };
		DEE595BE2AF5AB2D00DC6163 /* Proyecto_de_prueba_con_git_en_el_entorno_de_xcodeUITests.swift in Sources */ = {isa = PBXBuildFile; fileRef = DEE595BD2AF5AB2D00DC6163 /* Proyecto_de_prueba_con_git_en_el_entorno_de_xcodeUITests.swift */; };
		DEE595C02AF5AB2D00DC6163 /* Proyecto_de_prueba_con_git_en_el_entorno_de_xcodeUITestsLaunchTests.swift in Sources */ = {isa = PBXBuildFile; fileRef = DEE595BF2AF5AB2D00DC6163 /* Proyecto_de_prueba_con_git_en_el_entorno_de_xcodeUITestsLaunchTests.swift */; };
/* End PBXBuildFile section */

/* Begin PBXContainerItemProxy section */
		DEE595B02AF5AB2D00DC6163 /* PBXContainerItemProxy */ = {
			isa = PBXContainerItemProxy;
			containerPortal = DEE595912AF5AB2A00DC6163 /* Project object */;
			proxyType = 1;
			remoteGlobalIDString = DEE595982AF5AB2A00DC6163;
			remoteInfo = "Proyecto de prueba con git en el entorno de xcode";
		};
		DEE595BA2AF5AB2D00DC6163 /* PBXContainerItemProxy */ = {
			isa = PBXContainerItemProxy;
			containerPortal = DEE595912AF5AB2A00DC6163 /* Project object */;
			proxyType = 1;
			remoteGlobalIDString = DEE595982AF5AB2A00DC6163;
			remoteInfo = "Proyecto de prueba con git en el entorno de xcode";
		};
/* End PBXContainerItemProxy section */

/* Begin PBXFileReference section */
		DEE595992AF5AB2A00DC6163 /* Proyecto de prueba con git en el entorno de xcode.app */ = {isa = PBXFileReference; explicitFileType = wrapper.application; includeInIndex = 0; path = "Proyecto de prueba con git en el entorno de xcode.app"; sourceTree = BUILT_PRODUCTS_DIR; };
		DEE5959C2AF5AB2A00DC6163 /* AppDelegate.swift */ = {isa = PBXFileReference; lastKnownFileType = sourcecode.swift; path = AppDelegate.swift; sourceTree = "<group>"; };
		DEE5959E2AF5AB2B00DC6163 /* SceneDelegate.swift */ = {isa = PBXFileReference; lastKnownFileType = sourcecode.swift; path = SceneDelegate.swift; sourceTree = "<group>"; };
		DEE595A02AF5AB2B00DC6163 /* ViewController.swift */ = {isa = PBXFileReference; lastKnownFileType = sourcecode.swift; path = ViewController.swift; sourceTree = "<group>"; };
		DEE595A32AF5AB2B00DC6163 /* Base */ = {isa = PBXFileReference; lastKnownFileType = file.storyboard; name = Base; path = Base.lproj/Main.storyboard; sourceTree = "<group>"; };
		DEE595A52AF5AB2D00DC6163 /* Assets.xcassets */ = {isa = PBXFileReference; lastKnownFileType = folder.assetcatalog; path = Assets.xcassets; sourceTree = "<group>"; };
		DEE595A82AF5AB2D00DC6163 /* Base */ = {isa = PBXFileReference; lastKnownFileType = file.storyboard; name = Base; path = Base.lproj/LaunchScreen.storyboard; sourceTree = "<group>"; };
		DEE595AA2AF5AB2D00DC6163 /* Info.plist */ = {isa = PBXFileReference; lastKnownFileType = text.plist.xml; path = Info.plist; sourceTree = "<group>"; };
		DEE595AF2AF5AB2D00DC6163 /* Proyecto de prueba con git en el entorno de xcodeTests.xctest */ = {isa = PBXFileReference; explicitFileType = wrapper.cfbundle; includeInIndex = 0; path = "Proyecto de prueba con git en el entorno de xcodeTests.xctest"; sourceTree = BUILT_PRODUCTS_DIR; };
		DEE595B32AF5AB2D00DC6163 /* Proyecto_de_prueba_con_git_en_el_entorno_de_xcodeTests.swift */ = {isa = PBXFileReference; lastKnownFileType = sourcecode.swift; path = Proyecto_de_prueba_con_git_en_el_entorno_de_xcodeTests.swift; sourceTree = "<group>"; };
		DEE595B92AF5AB2D00DC6163 /* Proyecto de prueba con git en el entorno de xcodeUITests.xctest */ = {isa = PBXFileReference; explicitFileType = wrapper.cfbundle; includeInIndex = 0; path = "Proyecto de prueba con git en el entorno de xcodeUITests.xctest"; sourceTree = BUILT_PRODUCTS_DIR; };
		DEE595BD2AF5AB2D00DC6163 /* Proyecto_de_prueba_con_git_en_el_entorno_de_xcodeUITests.swift */ = {isa = PBXFileReference; lastKnownFileType = sourcecode.swift; path = Proyecto_de_prueba_con_git_en_el_entorno_de_xcodeUITests.swift; sourceTree = "<group>"; };
		DEE595BF2AF5AB2D00DC6163 /* Proyecto_de_prueba_con_git_en_el_entorno_de_xcodeUITestsLaunchTests.swift */ = {isa = PBXFileReference; lastKnownFileType = sourcecode.swift; path = Proyecto_de_prueba_con_git_en_el_entorno_de_xcodeUITestsLaunchTests.swift; sourceTree = "<group>"; };
/* End PBXFileReference section */

/* Begin PBXFrameworksBuildPhase section */
		DEE595962AF5AB2A00DC6163 /* Frameworks */ = {
			isa = PBXFrameworksBuildPhase;
			buildActionMask = 2147483647;
			files = (
			);
			runOnlyForDeploymentPostprocessing = 0;
		};
		DEE595AC2AF5AB2D00DC6163 /* Frameworks */ = {
			isa = PBXFrameworksBuildPhase;
			buildActionMask = 2147483647;
			files = (
			);
			runOnlyForDeploymentPostprocessing = 0;
		};
		DEE595B62AF5AB2D00DC6163 /* Frameworks */ = {
			isa = PBXFrameworksBuildPhase;
			buildActionMask = 2147483647;
			files = (
			);
			runOnlyForDeploymentPostprocessing = 0;
		};
/* End PBXFrameworksBuildPhase section */

/* Begin PBXGroup section */
		DEE595902AF5AB2A00DC6163 = {
			isa = PBXGroup;
			children = (
				DEE5959B2AF5AB2A00DC6163 /* Proyecto de prueba con git en el entorno de xcode */,
				DEE595B22AF5AB2D00DC6163 /* Proyecto de prueba con git en el entorno de xcodeTests */,
				DEE595BC2AF5AB2D00DC6163 /* Proyecto de prueba con git en el entorno de xcodeUITests */,
				DEE5959A2AF5AB2A00DC6163 /* Products */,
			);
			sourceTree = "<group>";
		};
		DEE5959A2AF5AB2A00DC6163 /* Products */ = {
			isa = PBXGroup;
			children = (
				DEE595992AF5AB2A00DC6163 /* Proyecto de prueba con git en el entorno de xcode.app */,
				DEE595AF2AF5AB2D00DC6163 /* Proyecto de prueba con git en el entorno de xcodeTests.xctest */,
				DEE595B92AF5AB2D00DC6163 /* Proyecto de prueba con git en el entorno de xcodeUITests.xctest */,
			);
			name = Products;
			sourceTree = "<group>";
		};
		DEE5959B2AF5AB2A00DC6163 /* Proyecto de prueba con git en el entorno de xcode */ = {
			isa = PBXGroup;
			children = (
				DEE5959C2AF5AB2A00DC6163 /* AppDelegate.swift */,
				DEE5959E2AF5AB2B00DC6163 /* SceneDelegate.swift */,
				DEE595A02AF5AB2B00DC6163 /* ViewController.swift */,
				DEE595A22AF5AB2B00DC6163 /* Main.storyboard */,
				DEE595A52AF5AB2D00DC6163 /* Assets.xcassets */,
				DEE595A72AF5AB2D00DC6163 /* LaunchScreen.storyboard */,
				DEE595AA2AF5AB2D00DC6163 /* Info.plist */,
			);
			path = "Proyecto de prueba con git en el entorno de xcode";
			sourceTree = "<group>";
		};
		DEE595B22AF5AB2D00DC6163 /* Proyecto de prueba con git en el entorno de xcodeTests */ = {
			isa = PBXGroup;
			children = (
				DEE595B32AF5AB2D00DC6163 /* Proyecto_de_prueba_con_git_en_el_entorno_de_xcodeTests.swift */,
			);
			path = "Proyecto de prueba con git en el entorno de xcodeTests";
			sourceTree = "<group>";
		};
		DEE595BC2AF5AB2D00DC6163 /* Proyecto de prueba con git en el entorno de xcodeUITests */ = {
			isa = PBXGroup;
			children = (
				DEE595BD2AF5AB2D00DC6163 /* Proyecto_de_prueba_con_git_en_el_entorno_de_xcodeUITests.swift */,
				DEE595BF2AF5AB2D00DC6163 /* Proyecto_de_prueba_con_git_en_el_entorno_de_xcodeUITestsLaunchTests.swift */,
			);
			path = "Proyecto de prueba con git en el entorno de xcodeUITests";
			sourceTree = "<group>";
		};
/* End PBXGroup section */

/* Begin PBXNativeTarget section */
		DEE595982AF5AB2A00DC6163 /* Proyecto de prueba con git en el entorno de xcode */ = {
			isa = PBXNativeTarget;
			buildConfigurationList = DEE595C32AF5AB2D00DC6163 /* Build configuration list for PBXNativeTarget "Proyecto de prueba con git en el entorno de xcode" */;
			buildPhases = (
				DEE595952AF5AB2A00DC6163 /* Sources */,
				DEE595962AF5AB2A00DC6163 /* Frameworks */,
				DEE595972AF5AB2A00DC6163 /* Resources */,
			);
			buildRules = (
			);
			dependencies = (
			);
			name = "Proyecto de prueba con git en el entorno de xcode";
			productName = "Proyecto de prueba con git en el entorno de xcode";
			productReference = DEE595992AF5AB2A00DC6163 /* Proyecto de prueba con git en el entorno de xcode.app */;
			productType = "com.apple.product-type.application";
		};
		DEE595AE2AF5AB2D00DC6163 /* Proyecto de prueba con git en el entorno de xcodeTests */ = {
			isa = PBXNativeTarget;
			buildConfigurationList = DEE595C62AF5AB2D00DC6163 /* Build configuration list for PBXNativeTarget "Proyecto de prueba con git en el entorno de xcodeTests" */;
			buildPhases = (
				DEE595AB2AF5AB2D00DC6163 /* Sources */,
				DEE595AC2AF5AB2D00DC6163 /* Frameworks */,
				DEE595AD2AF5AB2D00DC6163 /* Resources */,
			);
			buildRules = (
			);
			dependencies = (
				DEE595B12AF5AB2D00DC6163 /* PBXTargetDependency */,
			);
			name = "Proyecto de prueba con git en el entorno de xcodeTests";
			productName = "Proyecto de prueba con git en el entorno de xcodeTests";
			productReference = DEE595AF2AF5AB2D00DC6163 /* Proyecto de prueba con git en el entorno de xcodeTests.xctest */;
			productType = "com.apple.product-type.bundle.unit-test";
		};
		DEE595B82AF5AB2D00DC6163 /* Proyecto de prueba con git en el entorno de xcodeUITests */ = {
			isa = PBXNativeTarget;
			buildConfigurationList = DEE595C92AF5AB2D00DC6163 /* Build configuration list for PBXNativeTarget "Proyecto de prueba con git en el entorno de xcodeUITests" */;
			buildPhases = (
				DEE595B52AF5AB2D00DC6163 /* Sources */,
				DEE595B62AF5AB2D00DC6163 /* Frameworks */,
				DEE595B72AF5AB2D00DC6163 /* Resources */,
			);
			buildRules = (
			);
			dependencies = (
				DEE595BB2AF5AB2D00DC6163 /* PBXTargetDependency */,
			);
			name = "Proyecto de prueba con git en el entorno de xcodeUITests";
			productName = "Proyecto de prueba con git en el entorno de xcodeUITests";
			productReference = DEE595B92AF5AB2D00DC6163 /* Proyecto de prueba con git en el entorno de xcodeUITests.xctest */;
			productType = "com.apple.product-type.bundle.ui-testing";
		};
/* End PBXNativeTarget section */

/* Begin PBXProject section */
		DEE595912AF5AB2A00DC6163 /* Project object */ = {
			isa = PBXProject;
			attributes = {
				BuildIndependentTargetsInParallel = 1;
				LastSwiftUpdateCheck = 1420;
				LastUpgradeCheck = 1420;
				TargetAttributes = {
					DEE595982AF5AB2A00DC6163 = {
						CreatedOnToolsVersion = 14.2;
					};
					DEE595AE2AF5AB2D00DC6163 = {
						CreatedOnToolsVersion = 14.2;
						TestTargetID = DEE595982AF5AB2A00DC6163;
					};
					DEE595B82AF5AB2D00DC6163 = {
						CreatedOnToolsVersion = 14.2;
						TestTargetID = DEE595982AF5AB2A00DC6163;
					};
				};
			};
			buildConfigurationList = DEE595942AF5AB2A00DC6163 /* Build configuration list for PBXProject "Proyecto de prueba con git en el entorno de xcode" */;
			compatibilityVersion = "Xcode 14.0";
			developmentRegion = en;
			hasScannedForEncodings = 0;
			knownRegions = (
				en,
				Base,
			);
			mainGroup = DEE595902AF5AB2A00DC6163;
			productRefGroup = DEE5959A2AF5AB2A00DC6163 /* Products */;
			projectDirPath = "";
			projectRoot = "";
			targets = (
				DEE595982AF5AB2A00DC6163 /* Proyecto de prueba con git en el entorno de xcode */,
				DEE595AE2AF5AB2D00DC6163 /* Proyecto de prueba con git en el entorno de xcodeTests */,
				DEE595B82AF5AB2D00DC6163 /* Proyecto de prueba con git en el entorno de xcodeUITests */,
			);
		};
/* End PBXProject section */

/* Begin PBXResourcesBuildPhase section */
		DEE595972AF5AB2A00DC6163 /* Resources */ = {
			isa = PBXResourcesBuildPhase;
			buildActionMask = 2147483647;
			files = (
				DEE595A92AF5AB2D00DC6163 /* LaunchScreen.storyboard in Resources */,
				DEE595A62AF5AB2D00DC6163 /* Assets.xcassets in Resources */,
				DEE595A42AF5AB2B00DC6163 /* Main.storyboard in Resources */,
			);
			runOnlyForDeploymentPostprocessing = 0;
		};
		DEE595AD2AF5AB2D00DC6163 /* Resources */ = {
			isa = PBXResourcesBuildPhase;
			buildActionMask = 2147483647;
			files = (
			);
			runOnlyForDeploymentPostprocessing = 0;
		};
		DEE595B72AF5AB2D00DC6163 /* Resources */ = {
			isa = PBXResourcesBuildPhase;
			buildActionMask = 2147483647;
			files = (
			);
			runOnlyForDeploymentPostprocessing = 0;
		};
/* End PBXResourcesBuildPhase section */

/* Begin PBXSourcesBuildPhase section */
		DEE595952AF5AB2A00DC6163 /* Sources */ = {
			isa = PBXSourcesBuildPhase;
			buildActionMask = 2147483647;
			files = (
				DEE595A12AF5AB2B00DC6163 /* ViewController.swift in Sources */,
				DEE5959D2AF5AB2A00DC6163 /* AppDelegate.swift in Sources */,
				DEE5959F2AF5AB2B00DC6163 /* SceneDelegate.swift in Sources */,
			);
			runOnlyForDeploymentPostprocessing = 0;
		};
		DEE595AB2AF5AB2D00DC6163 /* Sources */ = {
			isa = PBXSourcesBuildPhase;
			buildActionMask = 2147483647;
			files = (
				DEE595B42AF5AB2D00DC6163 /* Proyecto_de_prueba_con_git_en_el_entorno_de_xcodeTests.swift in Sources */,
			);
			runOnlyForDeploymentPostprocessing = 0;
		};
		DEE595B52AF5AB2D00DC6163 /* Sources */ = {
			isa = PBXSourcesBuildPhase;
			buildActionMask = 2147483647;
			files = (
				DEE595C02AF5AB2D00DC6163 /* Proyecto_de_prueba_con_git_en_el_entorno_de_xcodeUITestsLaunchTests.swift in Sources */,
				DEE595BE2AF5AB2D00DC6163 /* Proyecto_de_prueba_con_git_en_el_entorno_de_xcodeUITests.swift in Sources */,
			);
			runOnlyForDeploymentPostprocessing = 0;
		};
/* End PBXSourcesBuildPhase section */

/* Begin PBXTargetDependency section */
		DEE595B12AF5AB2D00DC6163 /* PBXTargetDependency */ = {
			isa = PBXTargetDependency;
			target = DEE595982AF5AB2A00DC6163 /* Proyecto de prueba con git en el entorno de xcode */;
			targetProxy = DEE595B02AF5AB2D00DC6163 /* PBXContainerItemProxy */;
		};
		DEE595BB2AF5AB2D00DC6163 /* PBXTargetDependency */ = {
			isa = PBXTargetDependency;
			target = DEE595982AF5AB2A00DC6163 /* Proyecto de prueba con git en el entorno de xcode */;
			targetProxy = DEE595BA2AF5AB2D00DC6163 /* PBXContainerItemProxy */;
		};
/* End PBXTargetDependency section */

/* Begin PBXVariantGroup section */
		DEE595A22AF5AB2B00DC6163 /* Main.storyboard */ = {
			isa = PBXVariantGroup;
			children = (
				DEE595A32AF5AB2B00DC6163 /* Base */,
			);
			name = Main.storyboard;
			sourceTree = "<group>";
		};
		DEE595A72AF5AB2D00DC6163 /* LaunchScreen.storyboard */ = {
			isa = PBXVariantGroup;
			children = (
				DEE595A82AF5AB2D00DC6163 /* Base */,
			);
			name = LaunchScreen.storyboard;
			sourceTree = "<group>";
		};
/* End PBXVariantGroup section */

/* Begin XCBuildConfiguration section */
		DEE595C12AF5AB2D00DC6163 /* Debug */ = {
			isa = XCBuildConfiguration;
			buildSettings = {
				ALWAYS_SEARCH_USER_PATHS = NO;
				CLANG_ANALYZER_NONNULL = YES;
				CLANG_ANALYZER_NUMBER_OBJECT_CONVERSION = YES_AGGRESSIVE;
				CLANG_CXX_LANGUAGE_STANDARD = "gnu++20";
				CLANG_ENABLE_MODULES = YES;
				CLANG_ENABLE_OBJC_ARC = YES;
				CLANG_ENABLE_OBJC_WEAK = YES;
				CLANG_WARN_BLOCK_CAPTURE_AUTORELEASING = YES;
				CLANG_WARN_BOOL_CONVERSION = YES;
				CLANG_WARN_COMMA = YES;
				CLANG_WARN_CONSTANT_CONVERSION = YES;
				CLANG_WARN_DEPRECATED_OBJC_IMPLEMENTATIONS = YES;
				CLANG_WARN_DIRECT_OBJC_ISA_USAGE = YES_ERROR;
				CLANG_WARN_DOCUMENTATION_COMMENTS = YES;
				CLANG_WARN_EMPTY_BODY = YES;
				CLANG_WARN_ENUM_CONVERSION = YES;
				CLANG_WARN_INFINITE_RECURSION = YES;
				CLANG_WARN_INT_CONVERSION = YES;
				CLANG_WARN_NON_LITERAL_NULL_CONVERSION = YES;
				CLANG_WARN_OBJC_IMPLICIT_RETAIN_SELF = YES;
				CLANG_WARN_OBJC_LITERAL_CONVERSION = YES;
				CLANG_WARN_OBJC_ROOT_CLASS = YES_ERROR;
				CLANG_WARN_QUOTED_INCLUDE_IN_FRAMEWORK_HEADER = YES;
				CLANG_WARN_RANGE_LOOP_ANALYSIS = YES;
				CLANG_WARN_STRICT_PROTOTYPES = YES;
				CLANG_WARN_SUSPICIOUS_MOVE = YES;
				CLANG_WARN_UNGUARDED_AVAILABILITY = YES_AGGRESSIVE;
				CLANG_WARN_UNREACHABLE_CODE = YES;
				CLANG_WARN__DUPLICATE_METHOD_MATCH = YES;
				COPY_PHASE_STRIP = NO;
				DEBUG_INFORMATION_FORMAT = dwarf;
				ENABLE_STRICT_OBJC_MSGSEND = YES;
				ENABLE_TESTABILITY = YES;
				GCC_C_LANGUAGE_STANDARD = gnu11;
				GCC_DYNAMIC_NO_PIC = NO;
				GCC_NO_COMMON_BLOCKS = YES;
				GCC_OPTIMIZATION_LEVEL = 0;
				GCC_PREPROCESSOR_DEFINITIONS = (
					"DEBUG=1",
					"$(inherited)",
				);
				GCC_WARN_64_TO_32_BIT_CONVERSION = YES;
				GCC_WARN_ABOUT_RETURN_TYPE = YES_ERROR;
				GCC_WARN_UNDECLARED_SELECTOR = YES;
				GCC_WARN_UNINITIALIZED_AUTOS = YES_AGGRESSIVE;
				GCC_WARN_UNUSED_FUNCTION = YES;
				GCC_WARN_UNUSED_VARIABLE = YES;
				IPHONEOS_DEPLOYMENT_TARGET = 16.2;
				MTL_ENABLE_DEBUG_INFO = INCLUDE_SOURCE;
				MTL_FAST_MATH = YES;
				ONLY_ACTIVE_ARCH = YES;
				SDKROOT = iphoneos;
				SWIFT_ACTIVE_COMPILATION_CONDITIONS = DEBUG;
				SWIFT_OPTIMIZATION_LEVEL = "-Onone";
			};
			name = Debug;
		};
		DEE595C22AF5AB2D00DC6163 /* Release */ = {
			isa = XCBuildConfiguration;
			buildSettings = {
				ALWAYS_SEARCH_USER_PATHS = NO;
				CLANG_ANALYZER_NONNULL = YES;
				CLANG_ANALYZER_NUMBER_OBJECT_CONVERSION = YES_AGGRESSIVE;
				CLANG_CXX_LANGUAGE_STANDARD = "gnu++20";
				CLANG_ENABLE_MODULES = YES;
				CLANG_ENABLE_OBJC_ARC = YES;
				CLANG_ENABLE_OBJC_WEAK = YES;
				CLANG_WARN_BLOCK_CAPTURE_AUTORELEASING = YES;
				CLANG_WARN_BOOL_CONVERSION = YES;
				CLANG_WARN_COMMA = YES;
				CLANG_WARN_CONSTANT_CONVERSION = YES;
				CLANG_WARN_DEPRECATED_OBJC_IMPLEMENTATIONS = YES;
				CLANG_WARN_DIRECT_OBJC_ISA_USAGE = YES_ERROR;
				CLANG_WARN_DOCUMENTATION_COMMENTS = YES;
				CLANG_WARN_EMPTY_BODY = YES;
				CLANG_WARN_ENUM_CONVERSION = YES;
				CLANG_WARN_INFINITE_RECURSION = YES;
				CLANG_WARN_INT_CONVERSION = YES;
				CLANG_WARN_NON_LITERAL_NULL_CONVERSION = YES;
				CLANG_WARN_OBJC_IMPLICIT_RETAIN_SELF = YES;
				CLANG_WARN_OBJC_LITERAL_CONVERSION = YES;
				CLANG_WARN_OBJC_ROOT_CLASS = YES_ERROR;
				CLANG_WARN_QUOTED_INCLUDE_IN_FRAMEWORK_HEADER = YES;
				CLANG_WARN_RANGE_LOOP_ANALYSIS = YES;
				CLANG_WARN_STRICT_PROTOTYPES = YES;
				CLANG_WARN_SUSPICIOUS_MOVE = YES;
				CLANG_WARN_UNGUARDED_AVAILABILITY = YES_AGGRESSIVE;
				CLANG_WARN_UNREACHABLE_CODE = YES;
				CLANG_WARN__DUPLICATE_METHOD_MATCH = YES;
				COPY_PHASE_STRIP = NO;
				DEBUG_INFORMATION_FORMAT = "dwarf-with-dsym";
				ENABLE_NS_ASSERTIONS = NO;
				ENABLE_STRICT_OBJC_MSGSEND = YES;
				GCC_C_LANGUAGE_STANDARD = gnu11;
				GCC_NO_COMMON_BLOCKS = YES;
				GCC_WARN_64_TO_32_BIT_CONVERSION = YES;
				GCC_WARN_ABOUT_RETURN_TYPE = YES_ERROR;
				GCC_WARN_UNDECLARED_SELECTOR = YES;
				GCC_WARN_UNINITIALIZED_AUTOS = YES_AGGRESSIVE;
				GCC_WARN_UNUSED_FUNCTION = YES;
				GCC_WARN_UNUSED_VARIABLE = YES;
				IPHONEOS_DEPLOYMENT_TARGET = 16.2;
				MTL_ENABLE_DEBUG_INFO = NO;
				MTL_FAST_MATH = YES;
				SDKROOT = iphoneos;
				SWIFT_COMPILATION_MODE = wholemodule;
				SWIFT_OPTIMIZATION_LEVEL = "-O";
				VALIDATE_PRODUCT = YES;
			};
			name = Release;
		};
		DEE595C42AF5AB2D00DC6163 /* Debug */ = {
			isa = XCBuildConfiguration;
			buildSettings = {
				ASSETCATALOG_COMPILER_APPICON_NAME = AppIcon;
				ASSETCATALOG_COMPILER_GLOBAL_ACCENT_COLOR_NAME = AccentColor;
				CODE_SIGN_STYLE = Automatic;
				CURRENT_PROJECT_VERSION = 1;
				DEVELOPMENT_TEAM = TY3D24Z4ZD;
				GENERATE_INFOPLIST_FILE = YES;
				INFOPLIST_FILE = "Proyecto de prueba con git en el entorno de xcode/Info.plist";
				INFOPLIST_KEY_UIApplicationSupportsIndirectInputEvents = YES;
				INFOPLIST_KEY_UILaunchStoryboardName = LaunchScreen;
				INFOPLIST_KEY_UIMainStoryboardFile = Main;
				INFOPLIST_KEY_UISupportedInterfaceOrientations_iPad = "UIInterfaceOrientationPortrait UIInterfaceOrientationPortraitUpsideDown UIInterfaceOrientationLandscapeLeft UIInterfaceOrientationLandscapeRight";
				INFOPLIST_KEY_UISupportedInterfaceOrientations_iPhone = "UIInterfaceOrientationPortrait UIInterfaceOrientationLandscapeLeft UIInterfaceOrientationLandscapeRight";
				LD_RUNPATH_SEARCH_PATHS = (
					"$(inherited)",
					"@executable_path/Frameworks",
				);
				MARKETING_VERSION = 1.0;
				PRODUCT_BUNDLE_IDENTIFIER = "Brais-Rodriguez-Calvo.Proyecto-de-prueba-con-git-en-el-entorno-de-xcode";
				PRODUCT_NAME = "$(TARGET_NAME)";
				SWIFT_EMIT_LOC_STRINGS = YES;
				SWIFT_VERSION = 5.0;
				TARGETED_DEVICE_FAMILY = "1,2";
			};
			name = Debug;
		};
		DEE595C52AF5AB2D00DC6163 /* Release */ = {
			isa = XCBuildConfiguration;
			buildSettings = {
				ASSETCATALOG_COMPILER_APPICON_NAME = AppIcon;
				ASSETCATALOG_COMPILER_GLOBAL_ACCENT_COLOR_NAME = AccentColor;
				CODE_SIGN_STYLE = Automatic;
				CURRENT_PROJECT_VERSION = 1;
				DEVELOPMENT_TEAM = TY3D24Z4ZD;
				GENERATE_INFOPLIST_FILE = YES;
				INFOPLIST_FILE = "Proyecto de prueba con git en el entorno de xcode/Info.plist";
				INFOPLIST_KEY_UIApplicationSupportsIndirectInputEvents = YES;
				INFOPLIST_KEY_UILaunchStoryboardName = LaunchScreen;
				INFOPLIST_KEY_UIMainStoryboardFile = Main;
				INFOPLIST_KEY_UISupportedInterfaceOrientations_iPad = "UIInterfaceOrientationPortrait UIInterfaceOrientationPortraitUpsideDown UIInterfaceOrientationLandscapeLeft UIInterfaceOrientationLandscapeRight";
				INFOPLIST_KEY_UISupportedInterfaceOrientations_iPhone = "UIInterfaceOrientationPortrait UIInterfaceOrientationLandscapeLeft UIInterfaceOrientationLandscapeRight";
				LD_RUNPATH_SEARCH_PATHS = (
					"$(inherited)",
					"@executable_path/Frameworks",
				);
				MARKETING_VERSION = 1.0;
				PRODUCT_BUNDLE_IDENTIFIER = "Brais-Rodriguez-Calvo.Proyecto-de-prueba-con-git-en-el-entorno-de-xcode";
				PRODUCT_NAME = "$(TARGET_NAME)";
				SWIFT_EMIT_LOC_STRINGS = YES;
				SWIFT_VERSION = 5.0;
				TARGETED_DEVICE_FAMILY = "1,2";
			};
			name = Release;
		};
		DEE595C72AF5AB2D00DC6163 /* Debug */ = {
			isa = XCBuildConfiguration;
			buildSettings = {
				ALWAYS_EMBED_SWIFT_STANDARD_LIBRARIES = YES;
				BUNDLE_LOADER = "$(TEST_HOST)";
				CODE_SIGN_STYLE = Automatic;
				CURRENT_PROJECT_VERSION = 1;
				DEVELOPMENT_TEAM = TY3D24Z4ZD;
				GENERATE_INFOPLIST_FILE = YES;
				IPHONEOS_DEPLOYMENT_TARGET = 16.2;
				MARKETING_VERSION = 1.0;
				PRODUCT_BUNDLE_IDENTIFIER = "Brais-Rodriguez-Calvo.Proyecto-de-prueba-con-git-en-el-entorno-de-xcodeTests";
				PRODUCT_NAME = "$(TARGET_NAME)";
				SWIFT_EMIT_LOC_STRINGS = NO;
				SWIFT_VERSION = 5.0;
				TARGETED_DEVICE_FAMILY = "1,2";
				TEST_HOST = "$(BUILT_PRODUCTS_DIR)/Proyecto de prueba con git en el entorno de xcode.app/$(BUNDLE_EXECUTABLE_FOLDER_PATH)/Proyecto de prueba con git en el entorno de xcode";
			};
			name = Debug;
		};
		DEE595C82AF5AB2D00DC6163 /* Release */ = {
			isa = XCBuildConfiguration;
			buildSettings = {
				ALWAYS_EMBED_SWIFT_STANDARD_LIBRARIES = YES;
				BUNDLE_LOADER = "$(TEST_HOST)";
				CODE_SIGN_STYLE = Automatic;
				CURRENT_PROJECT_VERSION = 1;
				DEVELOPMENT_TEAM = TY3D24Z4ZD;
				GENERATE_INFOPLIST_FILE = YES;
				IPHONEOS_DEPLOYMENT_TARGET = 16.2;
				MARKETING_VERSION = 1.0;
				PRODUCT_BUNDLE_IDENTIFIER = "Brais-Rodriguez-Calvo.Proyecto-de-prueba-con-git-en-el-entorno-de-xcodeTests";
				PRODUCT_NAME = "$(TARGET_NAME)";
				SWIFT_EMIT_LOC_STRINGS = NO;
				SWIFT_VERSION = 5.0;
				TARGETED_DEVICE_FAMILY = "1,2";
				TEST_HOST = "$(BUILT_PRODUCTS_DIR)/Proyecto de prueba con git en el entorno de xcode.app/$(BUNDLE_EXECUTABLE_FOLDER_PATH)/Proyecto de prueba con git en el entorno de xcode";
			};
			name = Release;
		};
		DEE595CA2AF5AB2D00DC6163 /* Debug */ = {
			isa = XCBuildConfiguration;
			buildSettings = {
				ALWAYS_EMBED_SWIFT_STANDARD_LIBRARIES = YES;
				CODE_SIGN_STYLE = Automatic;
				CURRENT_PROJECT_VERSION = 1;
				DEVELOPMENT_TEAM = TY3D24Z4ZD;
				GENERATE_INFOPLIST_FILE = YES;
				MARKETING_VERSION = 1.0;
				PRODUCT_BUNDLE_IDENTIFIER = "Brais-Rodriguez-Calvo.Proyecto-de-prueba-con-git-en-el-entorno-de-xcodeUITests";
				PRODUCT_NAME = "$(TARGET_NAME)";
				SWIFT_EMIT_LOC_STRINGS = NO;
				SWIFT_VERSION = 5.0;
				TARGETED_DEVICE_FAMILY = "1,2";
				TEST_TARGET_NAME = "Proyecto de prueba con git en el entorno de xcode";
			};
			name = Debug;
		};
		DEE595CB2AF5AB2D00DC6163 /* Release */ = {
			isa = XCBuildConfiguration;
			buildSettings = {
				ALWAYS_EMBED_SWIFT_STANDARD_LIBRARIES = YES;
				CODE_SIGN_STYLE = Automatic;
				CURRENT_PROJECT_VERSION = 1;
				DEVELOPMENT_TEAM = TY3D24Z4ZD;
				GENERATE_INFOPLIST_FILE = YES;
				MARKETING_VERSION = 1.0;
				PRODUCT_BUNDLE_IDENTIFIER = "Brais-Rodriguez-Calvo.Proyecto-de-prueba-con-git-en-el-entorno-de-xcodeUITests";
				PRODUCT_NAME = "$(TARGET_NAME)";
				SWIFT_EMIT_LOC_STRINGS = NO;
				SWIFT_VERSION = 5.0;
				TARGETED_DEVICE_FAMILY = "1,2";
				TEST_TARGET_NAME = "Proyecto de prueba con git en el entorno de xcode";
			};
			name = Release;
		};
/* End XCBuildConfiguration section */

/* Begin XCConfigurationList section */
		DEE595942AF5AB2A00DC6163 /* Build configuration list for PBXProject "Proyecto de prueba con git en el entorno de xcode" */ = {
			isa = XCConfigurationList;
			buildConfigurations = (
				DEE595C12AF5AB2D00DC6163 /* Debug */,
				DEE595C22AF5AB2D00DC6163 /* Release */,
			);
			defaultConfigurationIsVisible = 0;
			defaultConfigurationName = Release;
		};
		DEE595C32AF5AB2D00DC6163 /* Build configuration list for PBXNativeTarget "Proyecto de prueba con git en el entorno de xcode" */ = {
			isa = XCConfigurationList;
			buildConfigurations = (
				DEE595C42AF5AB2D00DC6163 /* Debug */,
				DEE595C52AF5AB2D00DC6163 /* Release */,
			);
			defaultConfigurationIsVisible = 0;
			defaultConfigurationName = Release;
		};
		DEE595C62AF5AB2D00DC6163 /* Build configuration list for PBXNativeTarget "Proyecto de prueba con git en el entorno de xcodeTests" */ = {
			isa = XCConfigurationList;
			buildConfigurations = (
				DEE595C72AF5AB2D00DC6163 /* Debug */,
				DEE595C82AF5AB2D00DC6163 /* Release */,
			);
			defaultConfigurationIsVisible = 0;
			defaultConfigurationName = Release;
		};
		DEE595C92AF5AB2D00DC6163 /* Build configuration list for PBXNativeTarget "Proyecto de prueba con git en el entorno de xcodeUITests" */ = {
			isa = XCConfigurationList;
			buildConfigurations = (
				DEE595CA2AF5AB2D00DC6163 /* Debug */,
				DEE595CB2AF5AB2D00DC6163 /* Release */,
			);
			defaultConfigurationIsVisible = 0;
			defaultConfigurationName = Release;
		};
/* End XCConfigurationList section */
	};
	rootObject = DEE595912AF5AB2A00DC6163 /* Project object */;
}
